<?xml version="1.0" encoding="utf-8"?>
<Project ToolsVersion="4.0" xmlns="http://schemas.microsoft.com/developer/msbuild/2003">
  <ItemGroup>
    <ClCompile Include="Main.cpp" />
    <ClCompile Include="Array.cpp">
      <Filter>Основные файлы\Procedure programming</Filter>
    </ClCompile>
    <ClCompile Include="Cin.cpp">
      <Filter>Основные файлы\Procedure programming</Filter>
    </ClCompile>
    <ClCompile Include="Continue.cpp">
      <Filter>Основные файлы\Procedure programming</Filter>
    </ClCompile>
    <ClCompile Include="Create_Class.cpp">
      <Filter>Основные файлы\Procedure programming</Filter>
    </ClCompile>
    <ClCompile Include="DinamicArray.cpp">
      <Filter>Основные файлы\Procedure programming</Filter>
    </ClCompile>
    <ClCompile Include="File.cpp">
      <Filter>Основные файлы\Procedure programming</Filter>
    </ClCompile>
    <ClCompile Include="For.cpp">
      <Filter>Основные файлы\Procedure programming</Filter>
    </ClCompile>
    <ClCompile Include="HelloWorld.cpp">
      <Filter>Основные файлы\Procedure programming</Filter>
    </ClCompile>
    <ClCompile Include="Inc_Dec.cpp">
      <Filter>Основные файлы\Procedure programming</Filter>
    </ClCompile>
    <ClCompile Include="LogicOperation.cpp">
      <Filter>Основные файлы\Procedure programming</Filter>
    </ClCompile>
    <ClCompile Include="Methods.cpp">
      <Filter>Основные файлы\Procedure programming</Filter>
    </ClCompile>
    <ClCompile Include="New_Delete.cpp">
      <Filter>Основные файлы\Procedure programming</Filter>
    </ClCompile>
    <ClCompile Include="Pointers.cpp">
      <Filter>Основные файлы\Procedure programming</Filter>
    </ClCompile>
    <ClCompile Include="Random.cpp">
      <Filter>Основные файлы\Procedure programming</Filter>
    </ClCompile>
    <ClCompile Include="RecursionFunction.cpp">
      <Filter>Основные файлы\Procedure programming</Filter>
    </ClCompile>
    <ClCompile Include="Reference.cpp">
      <Filter>Основные файлы\Procedure programming</Filter>
    </ClCompile>
    <ClCompile Include="String.cpp">
      <Filter>Основные файлы\Procedure programming</Filter>
    </ClCompile>
    <ClCompile Include="Switch.cpp">
      <Filter>Основные файлы\Procedure programming</Filter>
    </ClCompile>
    <ClCompile Include="While.cpp">
      <Filter>Основные файлы\Procedure programming</Filter>
    </ClCompile>
  </ItemGroup>
  <ItemGroup>
    <ClInclude Include="Main.h" />
    <ClInclude Include="DinamicArray.h">
      <Filter>Headers\Procedure programming</Filter>
    </ClInclude>
    <ClInclude Include="Array.h">
      <Filter>Headers\Procedure programming</Filter>
    </ClInclude>
    <ClInclude Include="Cin.h">
      <Filter>Headers\Procedure programming</Filter>
    </ClInclude>
    <ClInclude Include="Continue.h">
      <Filter>Headers\Procedure programming</Filter>
    </ClInclude>
    <ClInclude Include="Create_Class.h">
      <Filter>Headers\Procedure programming</Filter>
    </ClInclude>
    <ClInclude Include="File.h">
      <Filter>Headers\Procedure programming</Filter>
    </ClInclude>
    <ClInclude Include="For.h">
      <Filter>Headers\Procedure programming</Filter>
    </ClInclude>
    <ClInclude Include="HelloWorld.h">
      <Filter>Headers\Procedure programming</Filter>
    </ClInclude>
    <ClInclude Include="Inc_Dec.h">
      <Filter>Headers\Procedure programming</Filter>
    </ClInclude>
    <ClInclude Include="LogicOperation.h">
      <Filter>Headers\Procedure programming</Filter>
    </ClInclude>
    <ClInclude Include="Methods.h">
      <Filter>Headers\Procedure programming</Filter>
    </ClInclude>
    <ClInclude Include="New_Delete.h">
      <Filter>Headers\Procedure programming</Filter>
    </ClInclude>
    <ClInclude Include="Pointers.h">
      <Filter>Headers\Procedure programming</Filter>
    </ClInclude>
    <ClInclude Include="Random.h">
      <Filter>Headers\Procedure programming</Filter>
    </ClInclude>
    <ClInclude Include="RecursionFunction.h">
      <Filter>Headers\Procedure programming</Filter>
    </ClInclude>
    <ClInclude Include="Reference.h">
      <Filter>Headers\Procedure programming</Filter>
    </ClInclude>
    <ClInclude Include="String.h">
      <Filter>Headers\Procedure programming</Filter>
    </ClInclude>
    <ClInclude Include="Switch.h">
      <Filter>Headers\Procedure programming</Filter>
    </ClInclude>
    <ClInclude Include="While.h">
      <Filter>Headers\Procedure programming</Filter>
    </ClInclude>
  </ItemGroup>
  <ItemGroup>
    <Filter Include="Основные файлы">
      <UniqueIdentifier>{5e2985c4-2593-4481-a1d8-ea09adaf3ebc}</UniqueIdentifier>
    </Filter>
    <Filter Include="Основные файлы\OOP">
      <UniqueIdentifier>{5bb32370-3818-41ee-84db-e65f3ed37ceb}</UniqueIdentifier>
    </Filter>
    <Filter Include="Headers">
      <UniqueIdentifier>{35bbbe36-1ce9-4281-acfb-850991abfc85}</UniqueIdentifier>
    </Filter>
    <Filter Include="Headers\OOP">
      <UniqueIdentifier>{7fbd010b-7ea7-4b14-a6b6-8bcd225f26a7}</UniqueIdentifier>
    </Filter>
    <Filter Include="Headers\Procedure programming">
      <UniqueIdentifier>{0f6c5853-d945-4dff-be28-f93f8c44fae5}</UniqueIdentifier>
    </Filter>
    <Filter Include="Основные файлы\Procedure programming">
      <UniqueIdentifier>{27780403-3046-40e7-9adb-2c560461f3b0}</UniqueIdentifier>
    </Filter>
  </ItemGroup>
</Project>